<?xml version="1.0" encoding="utf-8"?>
<Project ToolsVersion="4.0" xmlns="http://schemas.microsoft.com/developer/msbuild/2003">
  <ItemGroup>
    <Filter Include="Header Files">
      <UniqueIdentifier>{93995380-89BD-4b04-88EB-625FBE52EBFB}</UniqueIdentifier>
      <Extensions>h;hpp;hxx;hm;inl;inc;xsd</Extensions>
    </Filter>
    <Filter Include="Source Files">
      <UniqueIdentifier>{393d1210-8055-429f-8970-34efff8c979a}</UniqueIdentifier>
    </Filter>
  </ItemGroup>
  <ItemGroup>
    <ClInclude Include="include\pipeline_transcode.h">
      <Filter>Header Files</Filter>
    </ClInclude>
    <ClInclude Include="include\sample_multi_transcode.h">
      <Filter>Header Files</Filter>
    </ClInclude>
    <ClInclude Include="include\transcode_utils.h">
      <Filter>Header Files</Filter>
    </ClInclude>
    <ClInclude Include="include\vpp_ext_buffers_storage.h">
      <Filter>Header Files</Filter>
    </ClInclude>
  </ItemGroup>
  <ItemGroup>
    <ClCompile Include="src\pipeline_transcode.cpp">
      <Filter>Source Files</Filter>
    </ClCompile>
    <ClCompile Include="src\sample_multi_transcode.cpp">
      <Filter>Source Files</Filter>
    </ClCompile>
    <ClCompile Include="src\transcode_utils.cpp">
      <Filter>Source Files</Filter>
    </ClCompile>
    <ClCompile Include="src\vpp_ext_buffers_storage.cpp">
      <Filter>Source Files</Filter>
    </ClCompile>
  </ItemGroup>
</Project>