
Microsoft Visual Studio Solution File, Format Version 12.00
# Visual Studio 14
VisualStudioVersion = 14.0.25420.1
MinimumVisualStudioVersion = 10.0.40219.1
Project("{8BC9CEB8-8B4A-11D0-8D11-00A0C91BC942}") = "vpp_plugin", "vpp_plugin\vpp_plugin.vcxproj", "{D6D9A3B9-5DC0-4025-B27A-751F91AA462D}"
EndProject
Project("{8BC9CEB8-8B4A-11D0-8D11-00A0C91BC942}") = "sample_common", "..\sample_common\sample_common.vcxproj", "{DB71B91D-16D8-4339-9621-D81798E46E8F}"
EndProject
Project("{8BC9CEB8-8B4A-11D0-8D11-00A0C91BC942}") = "sample_rotate_plugin", "rotate_cpu\sample_rotate_plugin.vcxproj", "{1119372D-BA13-4730-AFF6-1994B26EFF6C}"
EndProject
Project("{8BC9CEB8-8B4A-11D0-8D11-00A0C91BC942}") = "sample_plugin_opencl", "rotate_opencl\sample_plugin_opencl.vcxproj", "{D5CCF0C0-32F6-4777-AA6C-6A249016DB26}"
EndProject
Global
	GlobalSection(SolutionConfigurationPlatforms) = preSolution
		Debug|Win32 = Debug|Win32
		Debug|x64 = Debug|x64
		Release|Win32 = Release|Win32
		Release|x64 = Release|x64
	EndGlobalSection
	GlobalSection(ProjectConfigurationPlatforms) = postSolution
		{D6D9A3B9-5DC0-4025-B27A-751F91AA462D}.Debug|Win32.ActiveCfg = Debug|Win32
		{D6D9A3B9-5DC0-4025-B27A-751F91AA462D}.Debug|Win32.Build.0 = Debug|Win32
		{D6D9A3B9-5DC0-4025-B27A-751F91AA462D}.Debug|x64.ActiveCfg = Debug|x64
		{D6D9A3B9-5DC0-4025-B27A-751F91AA462D}.Debug|x64.Build.0 = Debug|x64
		{D6D9A3B9-5DC0-4025-B27A-751F91AA462D}.Release|Win32.ActiveCfg = Release|Win32
		{D6D9A3B9-5DC0-4025-B27A-751F91AA462D}.Release|Win32.Build.0 = Release|Win32
		{D6D9A3B9-5DC0-4025-B27A-751F91AA462D}.Release|x64.ActiveCfg = Release|x64
		{D6D9A3B9-5DC0-4025-B27A-751F91AA462D}.Release|x64.Build.0 = Release|x64
		{DB71B91D-16D8-4339-9621-D81798E46E8F}.Debug|Win32.ActiveCfg = Debug|Win32
		{DB71B91D-16D8-4339-9621-D81798E46E8F}.Debug|Win32.Build.0 = Debug|Win32
		{DB71B91D-16D8-4339-9621-D81798E46E8F}.Debug|x64.ActiveCfg = Debug|x64
		{DB71B91D-16D8-4339-9621-D81798E46E8F}.Debug|x64.Build.0 = Debug|x64
		{DB71B91D-16D8-4339-9621-D81798E46E8F}.Release|Win32.ActiveCfg = Release|Win32
		{DB71B91D-16D8-4339-9621-D81798E46E8F}.Release|Win32.Build.0 = Release|Win32
		{DB71B91D-16D8-4339-9621-D81798E46E8F}.Release|x64.ActiveCfg = Release|x64
		{DB71B91D-16D8-4339-9621-D81798E46E8F}.Release|x64.Build.0 = Release|x64
		{1119372D-BA13-4730-AFF6-1994B26EFF6C}.Debug|Win32.ActiveCfg = Debug|Win32
		{1119372D-BA13-4730-AFF6-1994B26EFF6C}.Debug|Win32.Build.0 = Debug|Win32
		{1119372D-BA13-4730-AFF6-1994B26EFF6C}.Debug|x64.ActiveCfg = Debug|x64
		{1119372D-BA13-4730-AFF6-1994B26EFF6C}.Debug|x64.Build.0 = Debug|x64
		{1119372D-BA13-4730-AFF6-1994B26EFF6C}.Release|Win32.ActiveCfg = Release|Win32
		{1119372D-BA13-4730-AFF6-1994B26EFF6C}.Release|Win32.Build.0 = Release|Win32
		{1119372D-BA13-4730-AFF6-1994B26EFF6C}.Release|x64.ActiveCfg = Release|x64
		{1119372D-BA13-4730-AFF6-1994B26EFF6C}.Release|x64.Build.0 = Release|x64
		{D5CCF0C0-32F6-4777-AA6C-6A249016DB26}.Debug|Win32.ActiveCfg = Debug|Win32
		{D5CCF0C0-32F6-4777-AA6C-6A249016DB26}.Debug|Win32.Build.0 = Debug|Win32
		{D5CCF0C0-32F6-4777-AA6C-6A249016DB26}.Debug|x64.ActiveCfg = Debug|x64
		{D5CCF0C0-32F6-4777-AA6C-6A249016DB26}.Debug|x64.Build.0 = Debug|x64
		{D5CCF0C0-32F6-4777-AA6C-6A249016DB26}.Release|Win32.ActiveCfg = Release|Win32
		{D5CCF0C0-32F6-4777-AA6C-6A249016DB26}.Release|Win32.Build.0 = Release|Win32
		{D5CCF0C0-32F6-4777-AA6C-6A249016DB26}.Release|x64.ActiveCfg = Release|x64
		{D5CCF0C0-32F6-4777-AA6C-6A249016DB26}.Release|x64.Build.0 = Release|x64
	EndGlobalSection
	GlobalSection(SolutionProperties) = preSolution
		HideSolutionNode = FALSE
	EndGlobalSection
EndGlobal
