<?xml version="1.0" encoding="utf-8"?>
<Project ToolsVersion="4.0" xmlns="http://schemas.microsoft.com/developer/msbuild/2003">
  <ItemGroup>
    <Filter Include="Resource Files">
      <UniqueIdentifier>{67DA6AB6-F800-4c08-8B7A-83BB121AAD01}</UniqueIdentifier>
      <Extensions>rc;ico;cur;bmp;dlg;rc2;rct;bin;rgs;gif;jpg;jpeg;jpe;resx;tiff;tif;png;wav</Extensions>
    </Filter>
    <Filter Include="Header Files">
      <UniqueIdentifier>{93995380-89BD-4b04-88EB-625FBE52EBFB}</UniqueIdentifier>
      <Extensions>h;hpp;hxx;hm;inl;inc;xsd</Extensions>
    </Filter>
    <Filter Include="Header Files\vm">
      <UniqueIdentifier>{06106f4d-622d-4e95-8ce3-8d129979a895}</UniqueIdentifier>
    </Filter>
    <Filter Include="Source Files">
      <UniqueIdentifier>{4FC737F1-C7A5-4376-A066-2A32D752A2FF}</UniqueIdentifier>
      <Extensions>cpp;c;cc;cxx;def;odl;idl;hpj;bat;asm;asmx</Extensions>
    </Filter>
    <Filter Include="Source Files\vm">
      <UniqueIdentifier>{06237e77-a544-4805-92e6-f1f423ddffe4}</UniqueIdentifier>
    </Filter>
    <Filter Include="Header Files\low_latency">
      <UniqueIdentifier>{62f8a32a-1cb1-46b6-b781-135ec4caa574}</UniqueIdentifier>
    </Filter>
    <Filter Include="Source Files\low_latency">
      <UniqueIdentifier>{3c903c0c-e0bf-4377-85fe-2d94cf2d3c14}</UniqueIdentifier>
    </Filter>
  </ItemGroup>
  <ItemGroup>
    <ClInclude Include="include\base_allocator.h">
      <Filter>Header Files</Filter>
    </ClInclude>
    <ClInclude Include="include\d3d11_allocator.h">
      <Filter>Header Files</Filter>
    </ClInclude>
    <ClInclude Include="include\d3d11_device.h">
      <Filter>Header Files</Filter>
    </ClInclude>
    <ClInclude Include="include\d3d_allocator.h">
      <Filter>Header Files</Filter>
    </ClInclude>
    <ClInclude Include="include\d3d_device.h">
      <Filter>Header Files</Filter>
    </ClInclude>
    <ClInclude Include="include\general_allocator.h">
      <Filter>Header Files</Filter>
    </ClInclude>
    <ClInclude Include="include\hw_device.h">
      <Filter>Header Files</Filter>
    </ClInclude>
    <ClInclude Include="include\mfx_buffering.h">
      <Filter>Header Files</Filter>
    </ClInclude>
    <ClInclude Include="include\mfx_samples_config.h">
      <Filter>Header Files</Filter>
    </ClInclude>
    <ClInclude Include="include\plugin_utils.h">
      <Filter>Header Files</Filter>
    </ClInclude>
    <ClInclude Include="include\sample_defs.h">
      <Filter>Header Files</Filter>
    </ClInclude>
    <ClInclude Include="include\sample_params.h">
      <Filter>Header Files</Filter>
    </ClInclude>
    <ClInclude Include="include\sample_types.h">
      <Filter>Header Files</Filter>
    </ClInclude>
    <ClInclude Include="include\sample_utils.h">
      <Filter>Header Files</Filter>
    </ClInclude>
    <ClInclude Include="include\surface_auto_lock.h">
      <Filter>Header Files</Filter>
    </ClInclude>
    <ClInclude Include="include\sysmem_allocator.h">
      <Filter>Header Files</Filter>
    </ClInclude>
    <ClInclude Include="include\vpp_ex.h">
      <Filter>Header Files</Filter>
    </ClInclude>
    <ClInclude Include="include\vm\atomic_defs.h">
      <Filter>Header Files\vm</Filter>
    </ClInclude>
    <ClInclude Include="include\vm\file_defs.h">
      <Filter>Header Files\vm</Filter>
    </ClInclude>
    <ClInclude Include="include\vm\so_defs.h">
      <Filter>Header Files\vm</Filter>
    </ClInclude>
    <ClInclude Include="include\vm\strings_defs.h">
      <Filter>Header Files\vm</Filter>
    </ClInclude>
    <ClInclude Include="include\vm\thread_defs.h">
      <Filter>Header Files\vm</Filter>
    </ClInclude>
    <ClInclude Include="include\vm\time_defs.h">
      <Filter>Header Files\vm</Filter>
    </ClInclude>
    <ClInclude Include="include\abstract_splitter.h">
      <Filter>Header Files\low_latency</Filter>
    </ClInclude>
    <ClInclude Include="include\avc_bitstream.h">
      <Filter>Header Files\low_latency</Filter>
    </ClInclude>
    <ClInclude Include="include\avc_headers.h">
      <Filter>Header Files\low_latency</Filter>
    </ClInclude>
    <ClInclude Include="include\avc_nal_spl.h">
      <Filter>Header Files\low_latency</Filter>
    </ClInclude>
    <ClInclude Include="include\avc_spl.h">
      <Filter>Header Files\low_latency</Filter>
    </ClInclude>
    <ClInclude Include="include\avc_structures.h">
      <Filter>Header Files\low_latency</Filter>
    </ClInclude>
    <ClInclude Include="include\decode_render.h">
      <Filter>Header Files</Filter>
    </ClInclude>
    <ClInclude Include="include\time_statistics.h">
      <Filter>Header Files</Filter>
    </ClInclude>
    <ClInclude Include="include\plugin_loader.h">
      <Filter>Header Files</Filter>
    </ClInclude>
  </ItemGroup>
  <ItemGroup>
    <ClCompile Include="src\base_allocator.cpp">
      <Filter>Source Files</Filter>
    </ClCompile>
    <ClCompile Include="src\d3d11_allocator.cpp">
      <Filter>Source Files</Filter>
    </ClCompile>
    <ClCompile Include="src\d3d11_device.cpp">
      <Filter>Source Files</Filter>
    </ClCompile>
    <ClCompile Include="src\d3d_allocator.cpp">
      <Filter>Source Files</Filter>
    </ClCompile>
    <ClCompile Include="src\d3d_device.cpp">
      <Filter>Source Files</Filter>
    </ClCompile>
    <ClCompile Include="src\general_allocator.cpp">
      <Filter>Source Files</Filter>
    </ClCompile>
    <ClCompile Include="src\mfx_buffering.cpp">
      <Filter>Source Files</Filter>
    </ClCompile>
    <ClCompile Include="src\plugin_utils.cpp">
      <Filter>Source Files</Filter>
    </ClCompile>
    <ClCompile Include="src\sample_utils.cpp">
      <Filter>Source Files</Filter>
    </ClCompile>
    <ClCompile Include="src\sysmem_allocator.cpp">
      <Filter>Source Files</Filter>
    </ClCompile>
    <ClCompile Include="src\vpp_ex.cpp">
      <Filter>Source Files</Filter>
    </ClCompile>
    <ClCompile Include="src\vm\atomic.cpp">
      <Filter>Source Files\vm</Filter>
    </ClCompile>
    <ClCompile Include="src\vm\shared_object.cpp">
      <Filter>Source Files\vm</Filter>
    </ClCompile>
    <ClCompile Include="src\vm\thread.cpp">
      <Filter>Source Files\vm</Filter>
    </ClCompile>
    <ClCompile Include="src\vm\thread_windows.cpp">
      <Filter>Source Files\vm</Filter>
    </ClCompile>
    <ClCompile Include="src\vm\time.cpp">
      <Filter>Source Files\vm</Filter>
    </ClCompile>
    <ClCompile Include="src\avc_bitstream.cpp">
      <Filter>Source Files\low_latency</Filter>
    </ClCompile>
    <ClCompile Include="src\avc_nal_spl.cpp">
      <Filter>Source Files\low_latency</Filter>
    </ClCompile>
    <ClCompile Include="src\avc_spl.cpp">
      <Filter>Source Files\low_latency</Filter>
    </ClCompile>
    <ClCompile Include="src\decode_render.cpp">
      <Filter>Source Files</Filter>
    </ClCompile>
  </ItemGroup>
</Project>