
Microsoft Visual Studio Solution File, Format Version 11.00
# Visual Studio 2010
Project("{8BC9CEB8-8B4A-11D0-8D11-00A0C91BC942}") = "sample_camera", "sample_camera_2010.vcxproj", "{B81FF6EE-DFF6-496C-B5F2-31BBD0AF454D}"
EndProject
Project("{8BC9CEB8-8B4A-11D0-8D11-00A0C91BC942}") = "sample_common", "..\sample_common\sample_common_2010.vcxproj", "{DB71B91D-16D8-4339-9621-D81798E46E8F}"
EndProject
Global
	GlobalSection(SolutionConfigurationPlatforms) = preSolution
		Debug|Win32 = Debug|Win32
		Debug|x64 = Debug|x64
		Release|Win32 = Release|Win32
		Release|x64 = Release|x64
	EndGlobalSection
	GlobalSection(ProjectConfigurationPlatforms) = postSolution
		{B81FF6EE-DFF6-496C-B5F2-31BBD0AF454D}.Debug|Win32.ActiveCfg = Debug|Win32
		{B81FF6EE-DFF6-496C-B5F2-31BBD0AF454D}.Debug|Win32.Build.0 = Debug|Win32
		{B81FF6EE-DFF6-496C-B5F2-31BBD0AF454D}.Debug|x64.ActiveCfg = Debug|x64
		{B81FF6EE-DFF6-496C-B5F2-31BBD0AF454D}.Debug|x64.Build.0 = Debug|x64
		{B81FF6EE-DFF6-496C-B5F2-31BBD0AF454D}.Release|Win32.ActiveCfg = Release|Win32
		{B81FF6EE-DFF6-496C-B5F2-31BBD0AF454D}.Release|Win32.Build.0 = Release|Win32
		{B81FF6EE-DFF6-496C-B5F2-31BBD0AF454D}.Release|x64.ActiveCfg = Release|x64
		{B81FF6EE-DFF6-496C-B5F2-31BBD0AF454D}.Release|x64.Build.0 = Release|x64
		{DB71B91D-16D8-4339-9621-D81798E46E8F}.Debug|Win32.ActiveCfg = Debug|Win32
		{DB71B91D-16D8-4339-9621-D81798E46E8F}.Debug|Win32.Build.0 = Debug|Win32
		{DB71B91D-16D8-4339-9621-D81798E46E8F}.Debug|x64.ActiveCfg = Debug|x64
		{DB71B91D-16D8-4339-9621-D81798E46E8F}.Debug|x64.Build.0 = Debug|x64
		{DB71B91D-16D8-4339-9621-D81798E46E8F}.Release|Win32.ActiveCfg = Release|Win32
		{DB71B91D-16D8-4339-9621-D81798E46E8F}.Release|Win32.Build.0 = Release|Win32
		{DB71B91D-16D8-4339-9621-D81798E46E8F}.Release|x64.ActiveCfg = Release|x64
		{DB71B91D-16D8-4339-9621-D81798E46E8F}.Release|x64.Build.0 = Release|x64
	EndGlobalSection
	GlobalSection(SolutionProperties) = preSolution
		HideSolutionNode = FALSE
	EndGlobalSection
EndGlobal
